
Microsoft Visual Studio Solution File, Format Version 12.00
# Visual Studio Version 17
VisualStudioVersion = 17.7.34221.43
MinimumVisualStudioVersion = 10.0.40219.1
Project("{2150E333-8FDC-42A3-9474-1A3956D46DE8}") = "3.Sqs", "3.Sqs", "{AE28BEE1-B578-439A-B596-D991B9851F5A}"
EndProject
Project("{2150E333-8FDC-42A3-9474-1A3956D46DE8}") = "4.Sns", "4.Sns", "{BA648C25-CB9E-4FAA-AF91-86A37CCEA382}"
EndProject
Project("{2150E333-8FDC-42A3-9474-1A3956D46DE8}") = "5.DynamoDb", "5.DynamoDb", "{2C17779A-FD5B-4980-BEB0-4A19912178B7}"
EndProject
Project("{2150E333-8FDC-42A3-9474-1A3956D46DE8}") = "6.S3", "6.S3", "{6CC73189-9356-4EE7-B061-73D9395C30AC}"
EndProject
Project("{2150E333-8FDC-42A3-9474-1A3956D46DE8}") = "7.SecretsManager", "7.SecretsManager", "{8D27D9CA-8D14-4CD6-9827-A0837CFB03C3}"
EndProject
Project("{2150E333-8FDC-42A3-9474-1A3956D46DE8}") = "8.Lambda", "8.Lambda", "{DC84F474-F046-44B8-8D2E-BCE6A285FDF5}"
EndProject
Project("{9A19103F-16F7-4668-BE54-9A1E7A4F7556}") = "Customers.Api", "6.S3\Customers.Api\Customers.Api.csproj", "{1C63A296-563B-4057-8767-4D735534856C}"
EndProject
Project("{9A19103F-16F7-4668-BE54-9A1E7A4F7556}") = "S3Playground", "6.S3\S3Playground\S3Playground.csproj", "{6BB2F697-9C7F-4537-956A-ACBB9C1F2CD8}"
EndProject
Project("{9A19103F-16F7-4668-BE54-9A1E7A4F7556}") = "Customers.Api", "5.DynamoDb\Customers.Api\Customers.Api.csproj", "{D21C4D12-70C3-4852-B817-9214736A79EF}"
EndProject
Project("{9A19103F-16F7-4668-BE54-9A1E7A4F7556}") = "Movies.Api", "5.DynamoDb\Movies.Api\Movies.Api.csproj", "{22043DDF-76DD-4841-AEC9-DBF596E2911E}"
EndProject
Project("{9A19103F-16F7-4668-BE54-9A1E7A4F7556}") = "Customers.Api", "4.Sns\Customers.Api\Customers.Api.csproj", "{7C22BA75-9C1D-4C5E-B220-ECD4E76F48AB}"
EndProject
Project("{9A19103F-16F7-4668-BE54-9A1E7A4F7556}") = "Customers.Consumer", "4.Sns\Customers.Consumer\Customers.Consumer.csproj", "{33134073-3FDA-4C3B-8A07-356B348E4BDC}"
EndProject
Project("{9A19103F-16F7-4668-BE54-9A1E7A4F7556}") = "SnsPublisher", "4.Sns\SnsPublisher\SnsPublisher.csproj", "{57B433B7-F5CE-4381-A134-5E461C3704BE}"
EndProject
Project("{9A19103F-16F7-4668-BE54-9A1E7A4F7556}") = "SqsConsumer", "4.Sns\SqsConsumer\SqsConsumer.csproj", "{FD34B359-8BDD-4DB9-8818-77E66AD15A96}"
EndProject
Project("{9A19103F-16F7-4668-BE54-9A1E7A4F7556}") = "Customers.Consumer", "3.Sqs\Customer.Consumer\Customers.Consumer.csproj", "{BB922BD2-713C-4766-B82F-16B605464AE3}"
EndProject
Project("{9A19103F-16F7-4668-BE54-9A1E7A4F7556}") = "Customers.Api", "3.Sqs\Customers.Api\Customers.Api.csproj", "{6446F26A-3369-4CAA-BD6B-98B3876FFF42}"
EndProject
Project("{9A19103F-16F7-4668-BE54-9A1E7A4F7556}") = "SqsConsumer", "3.Sqs\SqsConsumer\SqsConsumer.csproj", "{34EC4F10-2FEB-457E-98B4-B70DD3A7687F}"
EndProject
Project("{9A19103F-16F7-4668-BE54-9A1E7A4F7556}") = "SqsPublisher", "3.Sqs\SqsPublisher\SqsPublisher.csproj", "{F3030C4A-CD90-4D1F-8C98-023444F4C318}"
EndProject
Global
	GlobalSection(SolutionConfigurationPlatforms) = preSolution
		Debug|Any CPU = Debug|Any CPU
		Release|Any CPU = Release|Any CPU
	EndGlobalSection
	GlobalSection(ProjectConfigurationPlatforms) = postSolution
		{1C63A296-563B-4057-8767-4D735534856C}.Debug|Any CPU.ActiveCfg = Debug|Any CPU
		{1C63A296-563B-4057-8767-4D735534856C}.Debug|Any CPU.Build.0 = Debug|Any CPU
		{1C63A296-563B-4057-8767-4D735534856C}.Release|Any CPU.ActiveCfg = Release|Any CPU
		{1C63A296-563B-4057-8767-4D735534856C}.Release|Any CPU.Build.0 = Release|Any CPU
		{6BB2F697-9C7F-4537-956A-ACBB9C1F2CD8}.Debug|Any CPU.ActiveCfg = Debug|Any CPU
		{6BB2F697-9C7F-4537-956A-ACBB9C1F2CD8}.Debug|Any CPU.Build.0 = Debug|Any CPU
		{6BB2F697-9C7F-4537-956A-ACBB9C1F2CD8}.Release|Any CPU.ActiveCfg = Release|Any CPU
		{6BB2F697-9C7F-4537-956A-ACBB9C1F2CD8}.Release|Any CPU.Build.0 = Release|Any CPU
		{D21C4D12-70C3-4852-B817-9214736A79EF}.Debug|Any CPU.ActiveCfg = Debug|Any CPU
		{D21C4D12-70C3-4852-B817-9214736A79EF}.Debug|Any CPU.Build.0 = Debug|Any CPU
		{D21C4D12-70C3-4852-B817-9214736A79EF}.Release|Any CPU.ActiveCfg = Release|Any CPU
		{D21C4D12-70C3-4852-B817-9214736A79EF}.Release|Any CPU.Build.0 = Release|Any CPU
		{22043DDF-76DD-4841-AEC9-DBF596E2911E}.Debug|Any CPU.ActiveCfg = Debug|Any CPU
		{22043DDF-76DD-4841-AEC9-DBF596E2911E}.Debug|Any CPU.Build.0 = Debug|Any CPU
		{22043DDF-76DD-4841-AEC9-DBF596E2911E}.Release|Any CPU.ActiveCfg = Release|Any CPU
		{22043DDF-76DD-4841-AEC9-DBF596E2911E}.Release|Any CPU.Build.0 = Release|Any CPU
		{7C22BA75-9C1D-4C5E-B220-ECD4E76F48AB}.Debug|Any CPU.ActiveCfg = Debug|Any CPU
		{7C22BA75-9C1D-4C5E-B220-ECD4E76F48AB}.Debug|Any CPU.Build.0 = Debug|Any CPU
		{7C22BA75-9C1D-4C5E-B220-ECD4E76F48AB}.Release|Any CPU.ActiveCfg = Release|Any CPU
		{7C22BA75-9C1D-4C5E-B220-ECD4E76F48AB}.Release|Any CPU.Build.0 = Release|Any CPU
		{33134073-3FDA-4C3B-8A07-356B348E4BDC}.Debug|Any CPU.ActiveCfg = Debug|Any CPU
		{33134073-3FDA-4C3B-8A07-356B348E4BDC}.Debug|Any CPU.Build.0 = Debug|Any CPU
		{33134073-3FDA-4C3B-8A07-356B348E4BDC}.Release|Any CPU.ActiveCfg = Release|Any CPU
		{33134073-3FDA-4C3B-8A07-356B348E4BDC}.Release|Any CPU.Build.0 = Release|Any CPU
		{57B433B7-F5CE-4381-A134-5E461C3704BE}.Debug|Any CPU.ActiveCfg = Debug|Any CPU
		{57B433B7-F5CE-4381-A134-5E461C3704BE}.Debug|Any CPU.Build.0 = Debug|Any CPU
		{57B433B7-F5CE-4381-A134-5E461C3704BE}.Release|Any CPU.ActiveCfg = Release|Any CPU
		{57B433B7-F5CE-4381-A134-5E461C3704BE}.Release|Any CPU.Build.0 = Release|Any CPU
		{FD34B359-8BDD-4DB9-8818-77E66AD15A96}.Debug|Any CPU.ActiveCfg = Debug|Any CPU
		{FD34B359-8BDD-4DB9-8818-77E66AD15A96}.Debug|Any CPU.Build.0 = Debug|Any CPU
		{FD34B359-8BDD-4DB9-8818-77E66AD15A96}.Release|Any CPU.ActiveCfg = Release|Any CPU
		{FD34B359-8BDD-4DB9-8818-77E66AD15A96}.Release|Any CPU.Build.0 = Release|Any CPU
		{BB922BD2-713C-4766-B82F-16B605464AE3}.Debug|Any CPU.ActiveCfg = Debug|Any CPU
		{BB922BD2-713C-4766-B82F-16B605464AE3}.Debug|Any CPU.Build.0 = Debug|Any CPU
		{BB922BD2-713C-4766-B82F-16B605464AE3}.Release|Any CPU.ActiveCfg = Release|Any CPU
		{BB922BD2-713C-4766-B82F-16B605464AE3}.Release|Any CPU.Build.0 = Release|Any CPU
		{6446F26A-3369-4CAA-BD6B-98B3876FFF42}.Debug|Any CPU.ActiveCfg = Debug|Any CPU
		{6446F26A-3369-4CAA-BD6B-98B3876FFF42}.Debug|Any CPU.Build.0 = Debug|Any CPU
		{6446F26A-3369-4CAA-BD6B-98B3876FFF42}.Release|Any CPU.ActiveCfg = Release|Any CPU
		{6446F26A-3369-4CAA-BD6B-98B3876FFF42}.Release|Any CPU.Build.0 = Release|Any CPU
		{34EC4F10-2FEB-457E-98B4-B70DD3A7687F}.Debug|Any CPU.ActiveCfg = Debug|Any CPU
		{34EC4F10-2FEB-457E-98B4-B70DD3A7687F}.Debug|Any CPU.Build.0 = Debug|Any CPU
		{34EC4F10-2FEB-457E-98B4-B70DD3A7687F}.Release|Any CPU.ActiveCfg = Release|Any CPU
		{34EC4F10-2FEB-457E-98B4-B70DD3A7687F}.Release|Any CPU.Build.0 = Release|Any CPU
		{F3030C4A-CD90-4D1F-8C98-023444F4C318}.Debug|Any CPU.ActiveCfg = Debug|Any CPU
		{F3030C4A-CD90-4D1F-8C98-023444F4C318}.Debug|Any CPU.Build.0 = Debug|Any CPU
		{F3030C4A-CD90-4D1F-8C98-023444F4C318}.Release|Any CPU.ActiveCfg = Release|Any CPU
		{F3030C4A-CD90-4D1F-8C98-023444F4C318}.Release|Any CPU.Build.0 = Release|Any CPU
	EndGlobalSection
	GlobalSection(SolutionProperties) = preSolution
		HideSolutionNode = FALSE
	EndGlobalSection
	GlobalSection(NestedProjects) = preSolution
		{1C63A296-563B-4057-8767-4D735534856C} = {6CC73189-9356-4EE7-B061-73D9395C30AC}
		{6BB2F697-9C7F-4537-956A-ACBB9C1F2CD8} = {6CC73189-9356-4EE7-B061-73D9395C30AC}
		{D21C4D12-70C3-4852-B817-9214736A79EF} = {2C17779A-FD5B-4980-BEB0-4A19912178B7}
		{22043DDF-76DD-4841-AEC9-DBF596E2911E} = {2C17779A-FD5B-4980-BEB0-4A19912178B7}
		{7C22BA75-9C1D-4C5E-B220-ECD4E76F48AB} = {BA648C25-CB9E-4FAA-AF91-86A37CCEA382}
		{33134073-3FDA-4C3B-8A07-356B348E4BDC} = {BA648C25-CB9E-4FAA-AF91-86A37CCEA382}
		{57B433B7-F5CE-4381-A134-5E461C3704BE} = {BA648C25-CB9E-4FAA-AF91-86A37CCEA382}
		{FD34B359-8BDD-4DB9-8818-77E66AD15A96} = {BA648C25-CB9E-4FAA-AF91-86A37CCEA382}
		{BB922BD2-713C-4766-B82F-16B605464AE3} = {AE28BEE1-B578-439A-B596-D991B9851F5A}
		{6446F26A-3369-4CAA-BD6B-98B3876FFF42} = {AE28BEE1-B578-439A-B596-D991B9851F5A}
		{34EC4F10-2FEB-457E-98B4-B70DD3A7687F} = {AE28BEE1-B578-439A-B596-D991B9851F5A}
		{F3030C4A-CD90-4D1F-8C98-023444F4C318} = {AE28BEE1-B578-439A-B596-D991B9851F5A}
	EndGlobalSection
	GlobalSection(ExtensibilityGlobals) = postSolution
		SolutionGuid = {E33D0A38-4624-4C56-B028-57CB499F7157}
	EndGlobalSection
EndGlobal
